[[package]]
category = "main"
description = "Cross-platform colored terminal text."
name = "colorama"
optional = false
python-versions = ">=2.7, !=3.0.*, !=3.1.*, !=3.2.*, !=3.3.*, !=3.4.*"
version = "0.4.4"

[[package]]
category = "main"
description = "A simple Python library for easily displaying tabular data in a visually appealing ASCII table format"
name = "prettytable"
optional = false
python-versions = ">=3.6"
version = "2.0.0"

[package.dependencies]
setuptools = "*"
wcwidth = "*"

[package.extras]
tests = ["pytest", "pytest-cov"]

[[package]]
category = "main"
description = "ANSII Color formatting for output in terminal."
name = "termcolor"
optional = false
python-versions = "*"
version = "1.1.0"

[[package]]
category = "main"
description = "Measures the displayed width of unicode strings in a terminal"
name = "wcwidth"
optional = false
python-versions = "*"
version = "0.2.5"

[metadata]
content-hash = "d6d3028c01f74f961036960098cd14b989a16905e892c639c2277bc2389c268d"
python-versions = "^3.8"

[metadata.files]
colorama = [
    {file = "colorama-0.4.4-py2.py3-none-any.whl", hash = "sha256:9f47eda37229f68eee03b24b9748937c7dc3868f906e8ba69fbcbdd3bc5dc3e2"},
    {file = "colorama-0.4.4.tar.gz", hash = "sha256:5941b2b48a20143d2267e95b1c2a7603ce057ee39fd88e7329b0c292aa16869b"},
]
prettytable = [
    {file = "prettytable-2.0.0-py3-none-any.whl", hash = "sha256:5dc7fcaca227f48deacd86958ae9d7b8c31a186fcb354bbb066763f20adf3eb9"},
    {file = "prettytable-2.0.0.tar.gz", hash = "sha256:e37acd91976fe6119172771520e58d1742c8479703489321dc1d9c85e7259922"},
]
termcolor = [
    {file = "termcolor-1.1.0.tar.gz", hash = "sha256:1d6d69ce66211143803fbc56652b41d73b4a400a2891d7bf7a1cdf4c02de613b"},
]
wcwidth = [
    {file = "wcwidth-0.2.5-py2.py3-none-any.whl", hash = "sha256:beb4802a9cebb9144e99086eff703a642a13d6a0052920003a230f3294bbe784"},
    {file = "wcwidth-0.2.5.tar.gz", hash = "sha256:c4d647b99872929fdb7bdcaa4fbe7f01413ed3d98077df798530e5b04f116c83"},
]
